
Microsoft Visual Studio Solution File, Format Version 12.00
# Visual Studio Version 17
VisualStudioVersion = 17.7.34003.232
MinimumVisualStudioVersion = 10.0.40219.1
Project("{FAE04EC0-301F-11D3-BF4B-00C04F79EFBC}") = "TestWPF", "TestWPF\TestWPF.csproj", "{06DB5790-38AC-4FE8-8985-078B1C80B36B}"
EndProject
Project("{FAE04EC0-301F-11D3-BF4B-00C04F79EFBC}") = "AppBase", "AppBase\AppBase.csproj", "{E61DF434-49BE-49B0-9A72-DEB15DBD9070}"
EndProject
Global
	GlobalSection(SolutionConfigurationPlatforms) = preSolution
		Debug|Any CPU = Debug|Any CPU
		Release|Any CPU = Release|Any CPU
	EndGlobalSection
	GlobalSection(ProjectConfigurationPlatforms) = postSolution
		{06DB5790-38AC-4FE8-8985-078B1C80B36B}.Debug|Any CPU.ActiveCfg = Debug|Any CPU
		{06DB5790-38AC-4FE8-8985-078B1C80B36B}.Debug|Any CPU.Build.0 = Debug|Any CPU
		{06DB5790-38AC-4FE8-8985-078B1C80B36B}.Release|Any CPU.ActiveCfg = Release|Any CPU
		{06DB5790-38AC-4FE8-8985-078B1C80B36B}.Release|Any CPU.Build.0 = Release|Any CPU
		{E61DF434-49BE-49B0-9A72-DEB15DBD9070}.Debug|Any CPU.ActiveCfg = Debug|Any CPU
		{E61DF434-49BE-49B0-9A72-DEB15DBD9070}.Debug|Any CPU.Build.0 = Debug|Any CPU
		{E61DF434-49BE-49B0-9A72-DEB15DBD9070}.Release|Any CPU.ActiveCfg = Release|Any CPU
		{E61DF434-49BE-49B0-9A72-DEB15DBD9070}.Release|Any CPU.Build.0 = Release|Any CPU
	EndGlobalSection
	GlobalSection(SolutionProperties) = preSolution
		HideSolutionNode = FALSE
	EndGlobalSection
	GlobalSection(ExtensibilityGlobals) = postSolution
		SolutionGuid = {AB58F18A-3F65-4468-9293-787EAEDCD8E7}
	EndGlobalSection
EndGlobal
